
Microsoft Visual Studio Solution File, Format Version 12.00
Project("{FAE04EC0-301F-11D3-BF4B-00C04F79EFBC}") = "challenge-10", "challenge-10\challenge-10.csproj", "{EB6AFD65-074D-46F9-BF2D-5570DE35218E}"
EndProject
Global
	GlobalSection(SolutionConfigurationPlatforms) = preSolution
		Debug|Any CPU = Debug|Any CPU
		Release|Any CPU = Release|Any CPU
	EndGlobalSection
	GlobalSection(ProjectConfigurationPlatforms) = postSolution
		{EB6AFD65-074D-46F9-BF2D-5570DE35218E}.Debug|Any CPU.ActiveCfg = Debug|Any CPU
		{EB6AFD65-074D-46F9-BF2D-5570DE35218E}.Debug|Any CPU.Build.0 = Debug|Any CPU
		{EB6AFD65-074D-46F9-BF2D-5570DE35218E}.Release|Any CPU.ActiveCfg = Release|Any CPU
		{EB6AFD65-074D-46F9-BF2D-5570DE35218E}.Release|Any CPU.Build.0 = Release|Any CPU
	EndGlobalSection
	GlobalSection(SolutionProperties) = preSolution
		HideSolutionNode = FALSE
	EndGlobalSection
EndGlobal
